{
  "requires": true,
  "lockfileVersion": 1,
  "dependencies": {
    "babel-runtime": {
      "version": "6.26.0",
      "resolved": "https://registry.npmjs.org/babel-runtime/-/babel-runtime-6.26.0.tgz",
      "integrity": "sha1-llxwWGaOgrVde/4E/yM3vItWR/4=",
      "requires": {
        "core-js": "^2.4.0",
        "regenerator-runtime": "^0.11.0"
      }
    },
    "callforth": {
      "version": "0.3.1",
      "resolved": "https://registry.npmjs.org/callforth/-/callforth-0.3.1.tgz",
      "integrity": "sha512-Q2zPfqnwoKsb1DTVCr4lmhe49wKNBsMmNlbudjleu3/co+Nw1pOqFHYJHrW3VZ253ou9AAr+xauQR0C55NPdzA=="
    },
    "core-js": {
      "version": "2.6.11",
      "resolved": "https://registry.npmjs.org/core-js/-/core-js-2.6.11.tgz",
      "integrity": "sha512-5wjnpaT/3dV+XB4borEsnAYQchn00XSgTAWKDkEqv+K8KevjbzmofK6hfJ9TZIlpj2N0xQpazy7PiRQiWHqzWg=="
    },
    "jsqr": {
      "version": "1.2.0",
      "resolved": "https://registry.npmjs.org/jsqr/-/jsqr-1.2.0.tgz",
      "integrity": "sha512-wKcQS9QC2VHGk7aphWCp1RrFyC0CM6fMgC5prZZ2KV/Lk6OKNoCod9IR6bao+yx3KPY0gZFC5dc+h+KFzCI0Wg=="
    },
    "regenerator-runtime": {
      "version": "0.11.1",
      "resolved": "https://registry.npmjs.org/regenerator-runtime/-/regenerator-runtime-0.11.1.tgz",
      "integrity": "sha512-MguG95oij0fC3QV3URf4V2SDYGJhJnJGqvIIgdECeODCT98wSWDAJ94SSuVpYQUoTcGUIL6L4yNB7j1DFFHSBg=="
    },
    "rtcpeerconnection-shim": {
      "version": "1.2.15",
      "resolved": "https://registry.npmjs.org/rtcpeerconnection-shim/-/rtcpeerconnection-shim-1.2.15.tgz",
      "integrity": "sha512-C6DxhXt7bssQ1nHb154lqeL0SXz5Dx4RczXZu2Aa/L1NJFnEVDxFwCBo3fqtuljhHIGceg5JKBV4XJ0gW5JKyw==",
      "requires": {
        "sdp": "^2.6.0"
      }
    },
    "sdp": {
      "version": "2.12.0",
      "resolved": "https://registry.npmjs.org/sdp/-/sdp-2.12.0.tgz",
      "integrity": "sha512-jhXqQAQVM+8Xj5EjJGVweuEzgtGWb3tmEEpl3CLP3cStInSbVHSg0QWOGQzNq8pSID4JkpeV2mPqlMDLrm0/Vw=="
    },
    "vue-qrcode-reader": {
      "version": "2.1.1",
      "resolved": "https://registry.npmjs.org/vue-qrcode-reader/-/vue-qrcode-reader-2.1.1.tgz",
      "integrity": "sha512-rIxV0RAuiomNi4n03L7XVbCKRtq4sT1LYtIk3osuBdJA/1W6y8yDtP4SvGpBdRCLaurfHaicpAZxQB98mejSCg==",
      "requires": {
        "babel-runtime": "^6.26.0",
        "callforth": "^0.3.0",
        "jsqr": "^1.2.0",
        "webrtc-adapter": "^6.2.1"
      }
    },
    "webrtc-adapter": {
      "version": "6.4.8",
      "resolved": "https://registry.npmjs.org/webrtc-adapter/-/webrtc-adapter-6.4.8.tgz",
      "integrity": "sha512-YM8yl545c/JhYcjGHgaCoA7jRK/KZuMwEDFeP2AcP0Auv5awEd+gZE0hXy9z7Ed3p9HvAXp8jdbe+4ESb1zxAw==",
      "requires": {
        "rtcpeerconnection-shim": "^1.2.14",
        "sdp": "^2.9.0"
      }
    }
  }
}
